
Microsoft Visual Studio Solution File, Format Version 12.00
# Visual Studio 2012
Project("{FAE04EC0-301F-11D3-BF4B-00C04F79EFBC}") = "SemDestinos.Interface", "SemDestinos.Interface\SemDestinos.Interface.csproj", "{9EFC0A48-9B97-459D-AE1C-4AB552D8EEDF}"
EndProject
Project("{2150E333-8FDC-42A3-9474-1A3956D46DE8}") = "Test", "Test", "{C2D7C763-F713-4E20-9ABE-BB9BD9C2C90F}"
EndProject
Project("{FAE04EC0-301F-11D3-BF4B-00C04F79EFBC}") = "SemDestinos.Contract.Test", "Test\SemDestinos.Contract.Test\SemDestinos.Contract.Test.csproj", "{ACCCBD98-44C3-43CA-9DB5-D816720F8D78}"
EndProject
Project("{FAE04EC0-301F-11D3-BF4B-00C04F79EFBC}") = "SemDestinos.Contract", "SemDestinos.Contract\SemDestinos.Contract.csproj", "{49B0B267-E4AD-49D2-B5F0-E86D50B785AB}"
EndProject
Global
	GlobalSection(SolutionConfigurationPlatforms) = preSolution
		Debug|Any CPU = Debug|Any CPU
		Release|Any CPU = Release|Any CPU
	EndGlobalSection
	GlobalSection(ProjectConfigurationPlatforms) = postSolution
		{9EFC0A48-9B97-459D-AE1C-4AB552D8EEDF}.Debug|Any CPU.ActiveCfg = Debug|Any CPU
		{9EFC0A48-9B97-459D-AE1C-4AB552D8EEDF}.Debug|Any CPU.Build.0 = Debug|Any CPU
		{9EFC0A48-9B97-459D-AE1C-4AB552D8EEDF}.Release|Any CPU.ActiveCfg = Release|Any CPU
		{9EFC0A48-9B97-459D-AE1C-4AB552D8EEDF}.Release|Any CPU.Build.0 = Release|Any CPU
		{ACCCBD98-44C3-43CA-9DB5-D816720F8D78}.Debug|Any CPU.ActiveCfg = Debug|Any CPU
		{ACCCBD98-44C3-43CA-9DB5-D816720F8D78}.Debug|Any CPU.Build.0 = Debug|Any CPU
		{ACCCBD98-44C3-43CA-9DB5-D816720F8D78}.Release|Any CPU.ActiveCfg = Release|Any CPU
		{ACCCBD98-44C3-43CA-9DB5-D816720F8D78}.Release|Any CPU.Build.0 = Release|Any CPU
		{49B0B267-E4AD-49D2-B5F0-E86D50B785AB}.Debug|Any CPU.ActiveCfg = Debug|Any CPU
		{49B0B267-E4AD-49D2-B5F0-E86D50B785AB}.Debug|Any CPU.Build.0 = Debug|Any CPU
		{49B0B267-E4AD-49D2-B5F0-E86D50B785AB}.Release|Any CPU.ActiveCfg = Release|Any CPU
		{49B0B267-E4AD-49D2-B5F0-E86D50B785AB}.Release|Any CPU.Build.0 = Release|Any CPU
	EndGlobalSection
	GlobalSection(SolutionProperties) = preSolution
		HideSolutionNode = FALSE
	EndGlobalSection
	GlobalSection(NestedProjects) = preSolution
		{ACCCBD98-44C3-43CA-9DB5-D816720F8D78} = {C2D7C763-F713-4E20-9ABE-BB9BD9C2C90F}
	EndGlobalSection
EndGlobal
